// !$*UTF8*$!
{
	archiveVersion = 1;
	classes = {
	};
	objectVersion = 54;
	objects = {

/* Begin PBXAggregateTarget section */
		62E4A782DAB8BF7AE7D0E9C3 /* Qt Preprocess */ = {
			isa = PBXAggregateTarget;
			buildConfigurationList = 6CC3B5D2136C7CD6A5CF5A59 /* Build configuration list for PBXNativeTarget "OriginSimulator" */;
			buildPhases = (
				5E618435888B9D49F8540165 /* Qt Qmake */,
				7EF0942E79C014DCEC8976BC /* Qt Preprocessors */,
			);
			dependencies = (
			);
			name = "Qt Preprocess";
			productName = "Qt Preprocess";
		};
/* End PBXAggregateTarget section */

/* Begin PBXBuildFile section */
		029C6E44DA83FDB92BC6474D /* StatusSender.cpp in Compile Sources */ = {isa = PBXBuildFile; fileRef = 57B593302AA86F1BB48EF362 /* StatusSender.cpp */; settings = {ATTRIBUTES = (); }; };
		034ED4AAD568CD9B9C6425CB /* dummy.cpp in Compile Sources */ = {isa = PBXBuildFile; fileRef = 821298A917E5BFA9064C9F3C /* dummy.cpp */; settings = {ATTRIBUTES = (); }; };
		04509D3AC7500B172EEAD0BA /* moc_StatusSender.cpp in Compile Sources */ = {isa = PBXBuildFile; fileRef = F76EA49EB6B9BFF765D15DFA /* moc_StatusSender.cpp */; settings = {ATTRIBUTES = (); }; };
		368945FF52BDF1EF9B0EA44E /* WebsocketConnection.cpp in Compile Sources */ = {isa = PBXBuildFile; fileRef = 248C85CF5988F7C633E8BD57 /* WebsocketConnection.cpp */; settings = {ATTRIBUTES = (); }; };
		38E7C438D5325CA0A308DF2D /* QtCore.framework in Link Binary With Libraries */ = {isa = PBXBuildFile; fileRef = 53419A4ADDA92E410E5591BA /* QtCore.framework */; };
		58AE7578ACAE7CDEDEB17BAB /* CelestronOriginSimulator.cpp in Compile Sources */ = {isa = PBXBuildFile; fileRef = B8EAC66C1EC71ACAA9D54AE0 /* CelestronOriginSimulator.cpp */; settings = {ATTRIBUTES = (); }; };
		61EEC397DC8556BF8C4E36A7 /* ImageIO.framework in Link Binary With Libraries */ = {isa = PBXBuildFile; fileRef = 3A8EF9C62A8D4790CBB89CEA /* ImageIO.framework */; };
		7C30F361268D052FF71E287F /* QtWidgets.framework in Link Binary With Libraries */ = {isa = PBXBuildFile; fileRef = DC4C2E7E45CB83B707419776 /* QtWidgets.framework */; };
		832C5DE24B75C97913893DBB /* moc_CommandHandler.cpp in Compile Sources */ = {isa = PBXBuildFile; fileRef = B2D32344E11AE2334C450755 /* moc_CommandHandler.cpp */; settings = {ATTRIBUTES = (); }; };
		8771A8C96E9C391044035D99 /* OpenGL.framework in Link Binary With Libraries */ = {isa = PBXBuildFile; fileRef = D4B32C2222F82AC56BADEB21 /* OpenGL.framework */; };
		8D267F2E4776F0ECA2F49DC8 /* IOKit.framework in Link Binary With Libraries */ = {isa = PBXBuildFile; fileRef = A1A67BEAA744704B29168D39 /* IOKit.framework */; };
		A5F48226AD16997661123CAF /* QtGui.framework in Link Binary With Libraries */ = {isa = PBXBuildFile; fileRef = 75BB98347AA20D28579DDB5E /* QtGui.framework */; };
		A99B2AA0F9CBBDD12BA126A4 /* DiskArbitration.framework in Link Binary With Libraries */ = {isa = PBXBuildFile; fileRef = 2B774D8E4178765CE52EAAF5 /* DiskArbitration.framework */; };
		AB19AC5D2E0ACB5F00E961DC /* RubinHipsClient.cpp in Compile Sources */ = {isa = PBXBuildFile; fileRef = AB19AC5C2E0ACB5F00E961DC /* RubinHipsClient.cpp */; };
		AB19AC5F2E0BFCAB00E961DC /* error_handling.cc in Compile Sources */ = {isa = PBXBuildFile; fileRef = AB19AC5E2E0BFCAB00E961DC /* error_handling.cc */; };
		AB19AC612E0BFD0A00E961DC /* healpix_base.cc in Compile Sources */ = {isa = PBXBuildFile; fileRef = AB19AC602E0BFD0A00E961DC /* healpix_base.cc */; };
		AB19AC632E0BFD5B00E961DC /* geom_utils.cc in Compile Sources */ = {isa = PBXBuildFile; fileRef = AB19AC622E0BFD5B00E961DC /* geom_utils.cc */; };
		AB19AC652E0BFDD100E961DC /* healpix_tables.cc in Compile Sources */ = {isa = PBXBuildFile; fileRef = AB19AC642E0BFDD100E961DC /* healpix_tables.cc */; };
		AB19AC672E0BFE1300E961DC /* string_utils.cc in Compile Sources */ = {isa = PBXBuildFile; fileRef = AB19AC662E0BFE1300E961DC /* string_utils.cc */; };
		AB19AC692E0BFE5100E961DC /* pointing.cc in Compile Sources */ = {isa = PBXBuildFile; fileRef = AB19AC682E0BFE5100E961DC /* pointing.cc */; };
		B3FE8FAC746D3D5BB24FA398 /* Metal.framework in Link Binary With Libraries */ = {isa = PBXBuildFile; fileRef = 1B2543FCC48E9436F21C4F63 /* Metal.framework */; };
		B69C44C810DF52361AD5F1C2 /* moc_CelestronOriginSimulator.cpp in Compile Sources */ = {isa = PBXBuildFile; fileRef = EC959F23522179EA1074245B /* moc_CelestronOriginSimulator.cpp */; settings = {ATTRIBUTES = (); }; };
		D5711FDC6A48F569044E27C9 /* QtNetwork.framework in Link Binary With Libraries */ = {isa = PBXBuildFile; fileRef = CBB5D29B2C34BC7472FAD754 /* QtNetwork.framework */; };
		DEDF403CE0FBFF730493A3F2 /* moc_WebsocketConnection.cpp in Compile Sources */ = {isa = PBXBuildFile; fileRef = 686A666474FF4EEA51147CFA /* moc_WebsocketConnection.cpp */; settings = {ATTRIBUTES = (); }; };
		E45E51A644D5FC9F942ECE55 /* AGL.framework in Link Binary With Libraries */ = {isa = PBXBuildFile; fileRef = 8D9815BDB5BD9F90D2BC05C5 /* AGL.framework */; };
		F2A75ACAC9DF6A3F4E5711E7 /* AppKit.framework in Link Binary With Libraries */ = {isa = PBXBuildFile; fileRef = 723F90793B2C195E2CCB2233 /* AppKit.framework */; };
		F30795E5207D73289814C47C /* UniformTypeIdentifiers.framework in Link Binary With Libraries */ = {isa = PBXBuildFile; fileRef = 5F9A4B2B3FF5EC87C57CF6B4 /* UniformTypeIdentifiers.framework */; };
		FC87C2AC63C56746CD421304 /* main.cpp in Compile Sources */ = {isa = PBXBuildFile; fileRef = 8C3DD443A424810F9B333D6D /* main.cpp */; settings = {ATTRIBUTES = (); }; };
		FD2642A263593461BB29D490 /* CommandHandler.cpp in Compile Sources */ = {isa = PBXBuildFile; fileRef = AA7E27D039640ED84FB30460 /* CommandHandler.cpp */; settings = {ATTRIBUTES = (); }; };
/* End PBXBuildFile section */

/* Begin PBXContainerItemProxy section */
		AB19AC5A2E08879F00E961DC /* PBXContainerItemProxy */ = {
			isa = PBXContainerItemProxy;
			containerPortal = 6DB9C3763D02B1415CD9D565 /* Project object */;
			proxyType = 1;
			remoteGlobalIDString = 62E4A782DAB8BF7AE7D0E9C3;
			remoteInfo = "Qt Preprocess";
		};
/* End PBXContainerItemProxy section */

/* Begin PBXCopyFilesBuildPhase section */
		99542592E9780B9225F24AA8 /* Embed Frameworks */ = {
			isa = PBXCopyFilesBuildPhase;
			buildActionMask = 2147483647;
			dstPath = "";
			dstSubfolderSpec = 10;
			files = (
			);
			name = "Embed Frameworks";
			runOnlyForDeploymentPostprocessing = 0;
		};
/* End PBXCopyFilesBuildPhase section */

/* Begin PBXFileReference section */
		0E3F8A8E852A4A6D467F321D /* .qmake.stash */ = {isa = PBXFileReference; lastKnownFileType = text; name = .qmake.stash; path = /Users/jonathan/OriginSimulator/.qmake.stash; sourceTree = "<absolute>"; };
		156ECD9B1DF2569EBF56103F /* TelescopeState.h */ = {isa = PBXFileReference; lastKnownFileType = sourcecode.c.h; name = TelescopeState.h; path = /Users/jonathan/OriginSimulator/TelescopeState.h; sourceTree = "<absolute>"; };
		1B2543FCC48E9436F21C4F63 /* Metal.framework */ = {isa = PBXFileReference; lastKnownFileType = wrapper.framework; name = Metal.framework; path = /System/Library/Frameworks/Metal.framework; sourceTree = "<absolute>"; };
		1BA5D3C034654F9649E2A2A7 /* StatusSender.h */ = {isa = PBXFileReference; lastKnownFileType = sourcecode.c.h; name = StatusSender.h; path = /Users/jonathan/OriginSimulator/StatusSender.h; sourceTree = "<absolute>"; };
		23C9E667EDFB6D90432D0C54 /* WebsocketConnection.h */ = {isa = PBXFileReference; lastKnownFileType = sourcecode.c.h; name = WebsocketConnection.h; path = /Users/jonathan/OriginSimulator/WebsocketConnection.h; sourceTree = "<absolute>"; };
		248C85CF5988F7C633E8BD57 /* WebsocketConnection.cpp */ = {isa = PBXFileReference; lastKnownFileType = sourcecode.cpp.cpp; name = WebsocketConnection.cpp; path = /Users/jonathan/OriginSimulator/WebsocketConnection.cpp; sourceTree = "<absolute>"; };
		2B774D8E4178765CE52EAAF5 /* DiskArbitration.framework */ = {isa = PBXFileReference; lastKnownFileType = wrapper.framework; name = DiskArbitration.framework; path = /System/Library/Frameworks/DiskArbitration.framework; sourceTree = "<absolute>"; };
		3A8EF9C62A8D4790CBB89CEA /* ImageIO.framework */ = {isa = PBXFileReference; lastKnownFileType = wrapper.framework; name = ImageIO.framework; path = /System/Library/Frameworks/ImageIO.framework; sourceTree = "<absolute>"; };
		53419A4ADDA92E410E5591BA /* QtCore.framework */ = {isa = PBXFileReference; lastKnownFileType = wrapper.framework; name = QtCore.framework; path = /opt/homebrew/lib/QtCore.framework; sourceTree = "<absolute>"; };
		57B593302AA86F1BB48EF362 /* StatusSender.cpp */ = {isa = PBXFileReference; lastKnownFileType = sourcecode.cpp.cpp; name = StatusSender.cpp; path = /Users/jonathan/OriginSimulator/StatusSender.cpp; sourceTree = "<absolute>"; };
		5F9A4B2B3FF5EC87C57CF6B4 /* UniformTypeIdentifiers.framework */ = {isa = PBXFileReference; lastKnownFileType = wrapper.framework; name = UniformTypeIdentifiers.framework; path = /System/Library/Frameworks/UniformTypeIdentifiers.framework; sourceTree = "<absolute>"; };
		686A666474FF4EEA51147CFA /* moc_WebsocketConnection.cpp */ = {isa = PBXFileReference; lastKnownFileType = sourcecode.cpp.cpp; name = moc_WebsocketConnection.cpp; path = /Users/jonathan/OriginSimulator/moc_WebsocketConnection.cpp; sourceTree = "<absolute>"; };
		6AC6FC9C55F5D698AF1ABEBA /* OriginSimulator.pro */ = {isa = PBXFileReference; lastKnownFileType = text; name = OriginSimulator.pro; path = /Users/jonathan/OriginSimulator/OriginSimulator.pro; sourceTree = "<absolute>"; };
		723F90793B2C195E2CCB2233 /* AppKit.framework */ = {isa = PBXFileReference; lastKnownFileType = wrapper.framework; name = AppKit.framework; path = /System/Library/Frameworks/AppKit.framework; sourceTree = "<absolute>"; };
		75BB98347AA20D28579DDB5E /* QtGui.framework */ = {isa = PBXFileReference; lastKnownFileType = wrapper.framework; name = QtGui.framework; path = /opt/homebrew/lib/QtGui.framework; sourceTree = "<absolute>"; };
		7839E3B72A3B19DF1A44161E /* OriginSimulator.app */ = {isa = PBXFileReference; explicitFileType = wrapper.application; includeInIndex = 0; path = OriginSimulator.app; sourceTree = BUILT_PRODUCTS_DIR; };
		821298A917E5BFA9064C9F3C /* dummy.cpp */ = {isa = PBXFileReference; lastKnownFileType = sourcecode.cpp.cpp; name = dummy.cpp; path = /opt/homebrew/share/qt/mkspecs/features/data/dummy.cpp; sourceTree = "<absolute>"; };
		8C3DD443A424810F9B333D6D /* main.cpp */ = {isa = PBXFileReference; lastKnownFileType = sourcecode.cpp.cpp; name = main.cpp; path = /Users/jonathan/OriginSimulator/main.cpp; sourceTree = "<absolute>"; };
		8D9815BDB5BD9F90D2BC05C5 /* AGL.framework */ = {isa = PBXFileReference; lastKnownFileType = wrapper.framework; name = AGL.framework; path = /System/Library/Frameworks/AGL.framework; sourceTree = "<absolute>"; };
		A1A67BEAA744704B29168D39 /* IOKit.framework */ = {isa = PBXFileReference; lastKnownFileType = wrapper.framework; name = IOKit.framework; path = /System/Library/Frameworks/IOKit.framework; sourceTree = "<absolute>"; };
		AA1A9C35F9C81682A060C321 /* CelestronOriginSimulator.h */ = {isa = PBXFileReference; lastKnownFileType = sourcecode.c.h; name = CelestronOriginSimulator.h; path = /Users/jonathan/OriginSimulator/CelestronOriginSimulator.h; sourceTree = "<absolute>"; };
		AA7E27D039640ED84FB30460 /* CommandHandler.cpp */ = {isa = PBXFileReference; lastKnownFileType = sourcecode.cpp.cpp; name = CommandHandler.cpp; path = /Users/jonathan/OriginSimulator/CommandHandler.cpp; sourceTree = "<absolute>"; };
		AB19AC5B2E0ACB5F00E961DC /* RubinHipsClient.h */ = {isa = PBXFileReference; lastKnownFileType = sourcecode.c.h; path = RubinHipsClient.h; sourceTree = "<group>"; };
		AB19AC5C2E0ACB5F00E961DC /* RubinHipsClient.cpp */ = {isa = PBXFileReference; lastKnownFileType = sourcecode.cpp.cpp; path = RubinHipsClient.cpp; sourceTree = "<group>"; };
		AB19AC5E2E0BFCAB00E961DC /* error_handling.cc */ = {isa = PBXFileReference; lastKnownFileType = sourcecode.cpp.cpp; name = error_handling.cc; path = healpixmirror/src/cxx/cxxsupport/error_handling.cc; sourceTree = "<group>"; };
		AB19AC602E0BFD0A00E961DC /* healpix_base.cc */ = {isa = PBXFileReference; lastKnownFileType = sourcecode.cpp.cpp; name = healpix_base.cc; path = healpixmirror/src/cxx/Healpix_cxx/healpix_base.cc; sourceTree = "<group>"; };
		AB19AC622E0BFD5B00E961DC /* geom_utils.cc */ = {isa = PBXFileReference; lastKnownFileType = sourcecode.cpp.cpp; name = geom_utils.cc; path = healpixmirror/src/cxx/cxxsupport/geom_utils.cc; sourceTree = "<group>"; };
		AB19AC642E0BFDD100E961DC /* healpix_tables.cc */ = {isa = PBXFileReference; lastKnownFileType = sourcecode.cpp.cpp; name = healpix_tables.cc; path = healpixmirror/src/cxx/Healpix_cxx/healpix_tables.cc; sourceTree = "<group>"; };
		AB19AC662E0BFE1300E961DC /* string_utils.cc */ = {isa = PBXFileReference; lastKnownFileType = sourcecode.cpp.cpp; name = string_utils.cc; path = healpixmirror/src/cxx/cxxsupport/string_utils.cc; sourceTree = "<group>"; };
		AB19AC682E0BFE5100E961DC /* pointing.cc */ = {isa = PBXFileReference; lastKnownFileType = sourcecode.cpp.cpp; name = pointing.cc; path = healpixmirror/src/cxx/cxxsupport/pointing.cc; sourceTree = "<group>"; };
		B2D32344E11AE2334C450755 /* moc_CommandHandler.cpp */ = {isa = PBXFileReference; lastKnownFileType = sourcecode.cpp.cpp; name = moc_CommandHandler.cpp; path = /Users/jonathan/OriginSimulator/moc_CommandHandler.cpp; sourceTree = "<absolute>"; };
		B8EAC66C1EC71ACAA9D54AE0 /* CelestronOriginSimulator.cpp */ = {isa = PBXFileReference; lastKnownFileType = sourcecode.cpp.cpp; name = CelestronOriginSimulator.cpp; path = /Users/jonathan/OriginSimulator/CelestronOriginSimulator.cpp; sourceTree = "<absolute>"; };
		C1268A779C1AF28380600561 /* CommandHandler.h */ = {isa = PBXFileReference; lastKnownFileType = sourcecode.c.h; name = CommandHandler.h; path = /Users/jonathan/OriginSimulator/CommandHandler.h; sourceTree = "<absolute>"; };
		CBB5D29B2C34BC7472FAD754 /* QtNetwork.framework */ = {isa = PBXFileReference; lastKnownFileType = wrapper.framework; name = QtNetwork.framework; path = /opt/homebrew/lib/QtNetwork.framework; sourceTree = "<absolute>"; };
		D4B32C2222F82AC56BADEB21 /* OpenGL.framework */ = {isa = PBXFileReference; lastKnownFileType = wrapper.framework; name = OpenGL.framework; path = /System/Library/Frameworks/OpenGL.framework; sourceTree = "<absolute>"; };
		DC4C2E7E45CB83B707419776 /* QtWidgets.framework */ = {isa = PBXFileReference; lastKnownFileType = wrapper.framework; name = QtWidgets.framework; path = /opt/homebrew/lib/QtWidgets.framework; sourceTree = "<absolute>"; };
		EC959F23522179EA1074245B /* moc_CelestronOriginSimulator.cpp */ = {isa = PBXFileReference; lastKnownFileType = sourcecode.cpp.cpp; name = moc_CelestronOriginSimulator.cpp; path = /Users/jonathan/OriginSimulator/moc_CelestronOriginSimulator.cpp; sourceTree = "<absolute>"; };
		F76EA49EB6B9BFF765D15DFA /* moc_StatusSender.cpp */ = {isa = PBXFileReference; lastKnownFileType = sourcecode.cpp.cpp; name = moc_StatusSender.cpp; path = /Users/jonathan/OriginSimulator/moc_StatusSender.cpp; sourceTree = "<absolute>"; };
/* End PBXFileReference section */

/* Begin PBXFrameworksBuildPhase section */
		D1C883685E82D5676953459A /* Link Binary With Libraries */ = {
			isa = PBXFrameworksBuildPhase;
			buildActionMask = 2147483647;
			files = (
				7C30F361268D052FF71E287F /* QtWidgets.framework in Link Binary With Libraries */,
				A5F48226AD16997661123CAF /* QtGui.framework in Link Binary With Libraries */,
				F2A75ACAC9DF6A3F4E5711E7 /* AppKit.framework in Link Binary With Libraries */,
				61EEC397DC8556BF8C4E36A7 /* ImageIO.framework in Link Binary With Libraries */,
				B3FE8FAC746D3D5BB24FA398 /* Metal.framework in Link Binary With Libraries */,
				D5711FDC6A48F569044E27C9 /* QtNetwork.framework in Link Binary With Libraries */,
				38E7C438D5325CA0A308DF2D /* QtCore.framework in Link Binary With Libraries */,
				8D267F2E4776F0ECA2F49DC8 /* IOKit.framework in Link Binary With Libraries */,
				A99B2AA0F9CBBDD12BA126A4 /* DiskArbitration.framework in Link Binary With Libraries */,
				F30795E5207D73289814C47C /* UniformTypeIdentifiers.framework in Link Binary With Libraries */,
				E45E51A644D5FC9F942ECE55 /* AGL.framework in Link Binary With Libraries */,
				8771A8C96E9C391044035D99 /* OpenGL.framework in Link Binary With Libraries */,
			);
			name = "Link Binary With Libraries";
			runOnlyForDeploymentPostprocessing = 0;
		};
/* End PBXFrameworksBuildPhase section */

/* Begin PBXGroup section */
		25B08E2869634E9BCBA333A2 /* Generated Sources */ = {
			isa = PBXGroup;
			children = (
				EC959F23522179EA1074245B /* moc_CelestronOriginSimulator.cpp */,
				686A666474FF4EEA51147CFA /* moc_WebsocketConnection.cpp */,
				B2D32344E11AE2334C450755 /* moc_CommandHandler.cpp */,
				F76EA49EB6B9BFF765D15DFA /* moc_StatusSender.cpp */,
			);
			name = "Generated Sources";
			sourceTree = "<group>";
		};
		2EB56BE3C2D93CDAB0C52E67 /* Sources */ = {
			isa = PBXGroup;
			children = (
				AB19AC682E0BFE5100E961DC /* pointing.cc */,
				AB19AC662E0BFE1300E961DC /* string_utils.cc */,
				AB19AC642E0BFDD100E961DC /* healpix_tables.cc */,
				AB19AC622E0BFD5B00E961DC /* geom_utils.cc */,
				AB19AC602E0BFD0A00E961DC /* healpix_base.cc */,
				AB19AC5E2E0BFCAB00E961DC /* error_handling.cc */,
				AB19AC5B2E0ACB5F00E961DC /* RubinHipsClient.h */,
				AB19AC5C2E0ACB5F00E961DC /* RubinHipsClient.cpp */,
				8C3DD443A424810F9B333D6D /* main.cpp */,
				B8EAC66C1EC71ACAA9D54AE0 /* CelestronOriginSimulator.cpp */,
				248C85CF5988F7C633E8BD57 /* WebsocketConnection.cpp */,
				AA7E27D039640ED84FB30460 /* CommandHandler.cpp */,
				57B593302AA86F1BB48EF362 /* StatusSender.cpp */,
				156ECD9B1DF2569EBF56103F /* TelescopeState.h */,
				AA1A9C35F9C81682A060C321 /* CelestronOriginSimulator.h */,
				23C9E667EDFB6D90432D0C54 /* WebsocketConnection.h */,
				C1268A779C1AF28380600561 /* CommandHandler.h */,
				1BA5D3C034654F9649E2A2A7 /* StatusSender.h */,
			);
			name = Sources;
			sourceTree = "<group>";
		};
		74B182DB50CB5611B5C1C297 /* Supporting Files */ = {
			isa = PBXGroup;
			children = (
				6AC6FC9C55F5D698AF1ABEBA /* OriginSimulator.pro */,
				0E3F8A8E852A4A6D467F321D /* .qmake.stash */,
			);
			name = "Supporting Files";
			sourceTree = "<group>";
		};
		AF39DD055C3EF8226FBE929D /* Frameworks */ = {
			isa = PBXGroup;
			children = (
				DC4C2E7E45CB83B707419776 /* QtWidgets.framework */,
				75BB98347AA20D28579DDB5E /* QtGui.framework */,
				723F90793B2C195E2CCB2233 /* AppKit.framework */,
				3A8EF9C62A8D4790CBB89CEA /* ImageIO.framework */,
				1B2543FCC48E9436F21C4F63 /* Metal.framework */,
				CBB5D29B2C34BC7472FAD754 /* QtNetwork.framework */,
				53419A4ADDA92E410E5591BA /* QtCore.framework */,
				A1A67BEAA744704B29168D39 /* IOKit.framework */,
				2B774D8E4178765CE52EAAF5 /* DiskArbitration.framework */,
				5F9A4B2B3FF5EC87C57CF6B4 /* UniformTypeIdentifiers.framework */,
				8D9815BDB5BD9F90D2BC05C5 /* AGL.framework */,
				D4B32C2222F82AC56BADEB21 /* OpenGL.framework */,
			);
			name = Frameworks;
			sourceTree = "<group>";
		};
		B8254625CFD509ED2A24A166 /* Sources [moc_predefs] */ = {
			isa = PBXGroup;
			children = (
				821298A917E5BFA9064C9F3C /* dummy.cpp */,
			);
			name = "Sources [moc_predefs]";
			sourceTree = "<group>";
		};
		E8C543AB96796ECAA2E65C57 /* OriginSimulator */ = {
			isa = PBXGroup;
			children = (
				2EB56BE3C2D93CDAB0C52E67 /* Sources */,
				25B08E2869634E9BCBA333A2 /* Generated Sources */,
				B8254625CFD509ED2A24A166 /* Sources [moc_predefs] */,
				74B182DB50CB5611B5C1C297 /* Supporting Files */,
				AF39DD055C3EF8226FBE929D /* Frameworks */,
				FE0A091FDBFB3E9C31B7A1BD /* Products */,
			);
			name = OriginSimulator;
			sourceTree = "<group>";
		};
		FE0A091FDBFB3E9C31B7A1BD /* Products */ = {
			isa = PBXGroup;
			children = (
				7839E3B72A3B19DF1A44161E /* OriginSimulator.app */,
			);
			name = Products;
			sourceTree = "<group>";
		};
/* End PBXGroup section */

/* Begin PBXNativeTarget section */
		37D5D92660AD5ADAFB9A08A3 /* OriginSimulator */ = {
			isa = PBXNativeTarget;
			buildConfigurationList = 6CC3B5D2136C7CD6A5CF5A59 /* Build configuration list for PBXNativeTarget "OriginSimulator" */;
			buildPhases = (
				F7E50F631C51CD5B5DC0BC43 /* Compile Sources */,
				D1C883685E82D5676953459A /* Link Binary With Libraries */,
				30414803F31797EB689AE508 /* Copy Bundle Resources */,
				99542592E9780B9225F24AA8 /* Embed Frameworks */,
			);
			buildRules = (
			);
			dependencies = (
				21943CFDF1BD7BBC68FECDFC /* PBXTargetDependency */,
			);
			name = OriginSimulator;
			productName = OriginSimulator;
			productReference = 7839E3B72A3B19DF1A44161E /* OriginSimulator.app */;
			productType = "com.apple.product-type.application";
		};
/* End PBXNativeTarget section */

/* Begin PBXProject section */
		6DB9C3763D02B1415CD9D565 /* Project object */ = {
			isa = PBXProject;
			attributes = {
			};
			buildConfigurationList = DAC4C1AA5EDEA1C85E9CA5E6 /* Build configuration list for PBXProject "CelestronOriginSimulator" */;
			compatibilityVersion = "Xcode 3.2";
			developmentRegion = en;
			hasScannedForEncodings = 1;
			knownRegions = (
				en,
				Base,
			);
			mainGroup = E8C543AB96796ECAA2E65C57 /* OriginSimulator */;
			productRefGroup = FE0A091FDBFB3E9C31B7A1BD /* Products */;
			projectDirPath = "";
			projectRoot = "";
			targets = (
				37D5D92660AD5ADAFB9A08A3 /* OriginSimulator */,
				62E4A782DAB8BF7AE7D0E9C3 /* Qt Preprocess */,
			);
		};
/* End PBXProject section */

/* Begin PBXResourcesBuildPhase section */
		30414803F31797EB689AE508 /* Copy Bundle Resources */ = {
			isa = PBXResourcesBuildPhase;
			buildActionMask = 2147483647;
			files = (
			);
			name = "Copy Bundle Resources";
			runOnlyForDeploymentPostprocessing = 0;
		};
/* End PBXResourcesBuildPhase section */

/* Begin PBXShellScriptBuildPhase section */
		5E618435888B9D49F8540165 /* Qt Qmake */ = {
			isa = PBXShellScriptBuildPhase;
			buildActionMask = 2147483647;
			files = (
			);
			inputPaths = (
			);
			name = "Qt Qmake";
			outputPaths = (
			);
			runOnlyForDeploymentPostprocessing = 0;
			shellPath = /bin/sh;
			shellScript = "make -C /Users/jonathan/OriginSimulator -f CelestronOriginSimulator.xcodeproj/qt_makeqmake.mak";
			showEnvVarsInLog = 0;
		};
		7EF0942E79C014DCEC8976BC /* Qt Preprocessors */ = {
			isa = PBXShellScriptBuildPhase;
			alwaysOutOfDate = 1;
			buildActionMask = 2147483647;
			files = (
			);
			inputPaths = (
				/opt/homebrew/share/qt/mkspecs/features/data/dummy.cpp,
				CelestronOriginSimulator.h,
				WebsocketConnection.h,
				CommandHandler.h,
				StatusSender.h,
			);
			name = "Qt Preprocessors";
			outputPaths = (
				moc_predefs.h,
				moc_CelestronOriginSimulator.cpp,
				moc_WebsocketConnection.cpp,
				moc_CommandHandler.cpp,
				moc_StatusSender.cpp,
			);
			runOnlyForDeploymentPostprocessing = 0;
			shellPath = /bin/sh;
			shellScript = "make -C /Users/jonathan/OriginSimulator -f CelestronOriginSimulator.xcodeproj/qt_preprocess.mak";
			showEnvVarsInLog = 0;
		};
/* End PBXShellScriptBuildPhase section */

/* Begin PBXSourcesBuildPhase section */
		F7E50F631C51CD5B5DC0BC43 /* Compile Sources */ = {
			isa = PBXSourcesBuildPhase;
			buildActionMask = 2147483647;
			files = (
				AB19AC612E0BFD0A00E961DC /* healpix_base.cc in Compile Sources */,
				AB19AC692E0BFE5100E961DC /* pointing.cc in Compile Sources */,
				AB19AC632E0BFD5B00E961DC /* geom_utils.cc in Compile Sources */,
				AB19AC652E0BFDD100E961DC /* healpix_tables.cc in Compile Sources */,
				FC87C2AC63C56746CD421304 /* main.cpp in Compile Sources */,
				58AE7578ACAE7CDEDEB17BAB /* CelestronOriginSimulator.cpp in Compile Sources */,
				368945FF52BDF1EF9B0EA44E /* WebsocketConnection.cpp in Compile Sources */,
				AB19AC5F2E0BFCAB00E961DC /* error_handling.cc in Compile Sources */,
				FD2642A263593461BB29D490 /* CommandHandler.cpp in Compile Sources */,
				029C6E44DA83FDB92BC6474D /* StatusSender.cpp in Compile Sources */,
				B69C44C810DF52361AD5F1C2 /* moc_CelestronOriginSimulator.cpp in Compile Sources */,
				AB19AC672E0BFE1300E961DC /* string_utils.cc in Compile Sources */,
				DEDF403CE0FBFF730493A3F2 /* moc_WebsocketConnection.cpp in Compile Sources */,
				832C5DE24B75C97913893DBB /* moc_CommandHandler.cpp in Compile Sources */,
				04509D3AC7500B172EEAD0BA /* moc_StatusSender.cpp in Compile Sources */,
				034ED4AAD568CD9B9C6425CB /* dummy.cpp in Compile Sources */,
				AB19AC5D2E0ACB5F00E961DC /* RubinHipsClient.cpp in Compile Sources */,
			);
			name = "Compile Sources";
			runOnlyForDeploymentPostprocessing = 0;
		};
/* End PBXSourcesBuildPhase section */

/* Begin PBXTargetDependency section */
		21943CFDF1BD7BBC68FECDFC /* PBXTargetDependency */ = {
			isa = PBXTargetDependency;
			target = 62E4A782DAB8BF7AE7D0E9C3 /* Qt Preprocess */;
			targetProxy = AB19AC5A2E08879F00E961DC /* PBXContainerItemProxy */;
		};
/* End PBXTargetDependency section */

/* Begin XCBuildConfiguration section */
		339EE1B2CC4FC24589A0EA95 /* Release */ = {
			isa = XCBuildConfiguration;
			buildSettings = {
				APPLICATION_EXTENSION_API_ONLY = NO;
				ARCHS = arm64;
				"ARCHS[sdk=macosx*]" = arm64;
				CC = /Applications/Xcode.app/Contents/Developer/Toolchains/XcodeDefault.xctoolchain/usr/bin/clang;
				CONFIGURATION_BUILD_DIR = "$(PROJECT_DIR)/$(CONFIGURATION)$(EFFECTIVE_PLATFORM_NAME)";
				COPY_PHASE_STRIP = NO;
				DEVELOPMENT_TEAM = Y53675G8V9;
				DYLIB_COMPATIBILITY_VERSION = 1.0;
				DYLIB_CURRENT_VERSION = 1.0.0;
				ENABLE_BITCODE = NO;
				FRAMEWORK_SEARCH_PATHS = (
					/opt/homebrew/lib,
					/opt/homebrew/lib,
				);
				GCC_VERSION = com.apple.compilers.llvm.clang.1_0;
				HEADER_SEARCH_PATHS = (
					.,
					/opt/homebrew/lib/QtWidgets.framework/Headers,
					/opt/homebrew/lib/QtGui.framework/Headers,
					/opt/homebrew/lib/QtNetwork.framework/Headers,
					/opt/homebrew/lib/QtCore.framework/Headers,
					.,
					/Applications/Xcode.app/Contents/Developer/Platforms/MacOSX.platform/Developer/SDKs/MacOSX15.5.sdk/System/Library/Frameworks/OpenGL.framework/Headers,
					/Applications/Xcode.app/Contents/Developer/Platforms/MacOSX.platform/Developer/SDKs/MacOSX15.5.sdk/System/Library/Frameworks/AGL.framework/Headers,
					/Applications/Xcode.app/Contents/Developer/Platforms/MacOSX.platform/Developer/SDKs/MacOSX15.5.sdk/System/Library/Frameworks/OpenGL.framework/Headers,
					/Applications/Xcode.app/Contents/Developer/Platforms/MacOSX.platform/Developer/SDKs/MacOSX15.5.sdk/System/Library/Frameworks/AGL.framework/Headers,
					"/opt/homebrew/Cellar/qt/6.9.0/share/qt/mkspecs/macx-clang",
				);
				INFOPLIST_FILE = Info.plist;
				LDPLUSPLUS = "/Applications/Xcode.app/Contents/Developer/Toolchains/XcodeDefault.xctoolchain/usr/bin/clang++";
				LIBRARY_SEARCH_PATHS = (
					/opt/homebrew/lib,
					/System/Library/Frameworks/,
				);
				MACOSX_DEPLOYMENT_TARGET = 10.12;
				OTHER_CFLAGS = (
					"-pipe",
					"-O2",
					"-Wall",
					"-Wextra",
					"-DQT_NO_DEBUG",
					"-DQT_WIDGETS_LIB",
					"-DQT_GUI_LIB",
					"-DQT_NETWORK_LIB",
					"-DQT_CORE_LIB",
				);
				OTHER_CPLUSPLUSFLAGS = (
					"-pipe",
					"-stdlib=libc++",
					"-O2",
					"-std=gnu++1z",
					"-Wall",
					"-Wextra",
					"-DQT_NO_DEBUG",
					"-DQT_WIDGETS_LIB",
					"-DQT_GUI_LIB",
					"-DQT_NETWORK_LIB",
					"-DQT_CORE_LIB",
				);
				OTHER_LDFLAGS = (
					"-stdlib=libc++",
					"-headerpad_max_install_names",
					"-Wl,-rpath,@executable_path/../Frameworks",
					"-Wl,-rpath,/opt/homebrew/lib",
					"-F/opt/homebrew/lib",
				);
				PRODUCT_BUNDLE_IDENTIFIER = "uk.kimmitt.${PRODUCT_NAME:rfc1034identifier}";
				PRODUCT_NAME = OriginSimulator;
				QMAKE_FULL_VERSION = 1.0.0;
				QMAKE_PKGINFO_TYPEINFO = "????";
				QMAKE_SHORT_VERSION = 1.0;
				QT_LIBRARY_SUFFIX = "";
				SDKROOT = macosx;
				SYMROOT = .xcode;
			};
			name = Release;
		};
		3AA6C32AC930069E80220CF1 /* Debug */ = {
			isa = XCBuildConfiguration;
			buildSettings = {
				APPLICATION_EXTENSION_API_ONLY = NO;
				ARCHS = arm64;
				"ARCHS[sdk=macosx*]" = arm64;
				CC = /Applications/Xcode.app/Contents/Developer/Toolchains/XcodeDefault.xctoolchain/usr/bin/clang;
				CONFIGURATION_BUILD_DIR = "$(PROJECT_DIR)/$(CONFIGURATION)$(EFFECTIVE_PLATFORM_NAME)";
				COPY_PHASE_STRIP = NO;
				DEVELOPMENT_TEAM = Y53675G8V9;
				DYLIB_COMPATIBILITY_VERSION = 1.0;
				DYLIB_CURRENT_VERSION = 1.0.0;
				ENABLE_BITCODE = NO;
				FRAMEWORK_SEARCH_PATHS = (
					/opt/homebrew/lib,
					/opt/homebrew/lib,
				);
				GCC_OPTIMIZATION_LEVEL = 0;
				GCC_VERSION = com.apple.compilers.llvm.clang.1_0;
				HEADER_SEARCH_PATHS = (
					.,
					/opt/homebrew/lib/QtWidgets.framework/Headers,
					/opt/homebrew/lib/QtGui.framework/Headers,
					/opt/homebrew/lib/QtNetwork.framework/Headers,
					/opt/homebrew/lib/QtCore.framework/Headers,
					.,
					/Applications/Xcode.app/Contents/Developer/Platforms/MacOSX.platform/Developer/SDKs/MacOSX15.5.sdk/System/Library/Frameworks/OpenGL.framework/Headers,
					/Applications/Xcode.app/Contents/Developer/Platforms/MacOSX.platform/Developer/SDKs/MacOSX15.5.sdk/System/Library/Frameworks/AGL.framework/Headers,
					/Applications/Xcode.app/Contents/Developer/Platforms/MacOSX.platform/Developer/SDKs/MacOSX15.5.sdk/System/Library/Frameworks/OpenGL.framework/Headers,
					/Applications/Xcode.app/Contents/Developer/Platforms/MacOSX.platform/Developer/SDKs/MacOSX15.5.sdk/System/Library/Frameworks/AGL.framework/Headers,
					"/opt/homebrew/Cellar/qt/6.9.0/share/qt/mkspecs/macx-clang",
				);
				INFOPLIST_FILE = Info.plist;
				LDPLUSPLUS = "/Applications/Xcode.app/Contents/Developer/Toolchains/XcodeDefault.xctoolchain/usr/bin/clang++";
				LIBRARY_SEARCH_PATHS = (
					/opt/homebrew/lib,
					/System/Library/Frameworks/,
				);
				MACOSX_DEPLOYMENT_TARGET = 10.12;
				ONLY_ACTIVE_ARCH = YES;
				OTHER_CFLAGS = (
					"-pipe",
					"-O2",
					"-Wall",
					"-Wextra",
					"-DQT_NO_DEBUG",
					"-DQT_WIDGETS_LIB",
					"-DQT_GUI_LIB",
					"-DQT_NETWORK_LIB",
					"-DQT_CORE_LIB",
				);
				OTHER_CPLUSPLUSFLAGS = (
					"-pipe",
					"-stdlib=libc++",
					"-O2",
					"-std=gnu++1z",
					"-Wall",
					"-Wextra",
					"-DQT_NO_DEBUG",
					"-DQT_WIDGETS_LIB",
					"-DQT_GUI_LIB",
					"-DQT_NETWORK_LIB",
					"-DQT_CORE_LIB",
				);
				OTHER_LDFLAGS = (
					"-stdlib=libc++",
					"-headerpad_max_install_names",
					"-Wl,-rpath,@executable_path/../Frameworks",
					"-Wl,-rpath,/opt/homebrew/lib",
					"-F/opt/homebrew/lib",
				);
				PRODUCT_BUNDLE_IDENTIFIER = "uk.kimmitt.${PRODUCT_NAME:rfc1034identifier}";
				PRODUCT_NAME = OriginSimulator;
				QMAKE_FULL_VERSION = 1.0.0;
				QMAKE_PKGINFO_TYPEINFO = "????";
				QMAKE_SHORT_VERSION = 1.0;
				QT_LIBRARY_SUFFIX = "";
				SDKROOT = macosx;
				SYMROOT = .xcode;
			};
			name = Debug;
		};
		6666AA5E688052234F6758D8 /* Release */ = {
			isa = XCBuildConfiguration;
			buildSettings = {
				APPLICATION_EXTENSION_API_ONLY = NO;
				"ARCHS[sdk=macosx*]" = arm64;
				COPY_PHASE_STRIP = NO;
				DEVELOPMENT_TEAM = Y53675G8V9;
				ENABLE_BITCODE = NO;
				HEADER_SEARCH_PATHS = (
					.,
					/opt/homebrew/lib/QtWidgets.framework/Headers,
					/opt/homebrew/lib/QtGui.framework/Headers,
					/opt/homebrew/lib/QtNetwork.framework/Headers,
					/opt/homebrew/lib/QtCore.framework/Headers,
					/Users/jonathan/OriginSimulator/healpixmirror/src/cxx/cxxsupport,
					/Users/jonathan/OriginSimulator/healpixmirror/src/cxx/Healpix_cxx,
					.,
					/Applications/Xcode.app/Contents/Developer/Platforms/MacOSX.platform/Developer/SDKs/MacOSX15.5.sdk/System/Library/Frameworks/OpenGL.framework/Headers,
					/Applications/Xcode.app/Contents/Developer/Platforms/MacOSX.platform/Developer/SDKs/MacOSX15.5.sdk/System/Library/Frameworks/AGL.framework/Headers,
					/Applications/Xcode.app/Contents/Developer/Platforms/MacOSX.platform/Developer/SDKs/MacOSX15.5.sdk/System/Library/Frameworks/OpenGL.framework/Headers,
					/Applications/Xcode.app/Contents/Developer/Platforms/MacOSX.platform/Developer/SDKs/MacOSX15.5.sdk/System/Library/Frameworks/AGL.framework/Headers,
					"/opt/homebrew/Cellar/qt/6.9.0/share/qt/mkspecs/macx-clang",
				);
				MACOSX_DEPLOYMENT_TARGET = 15.0;
				PRODUCT_BUNDLE_IDENTIFIER = "uk.kimmitt.${PRODUCT_NAME:rfc1034identifier}";
				PRODUCT_NAME = OriginSimulator;
				QMAKE_FULL_VERSION = 1.0.0;
				QMAKE_PKGINFO_TYPEINFO = "????";
				QMAKE_SHORT_VERSION = 1.0;
				QT_LIBRARY_SUFFIX = "";
				SDKROOT = macosx;
			};
			name = Release;
		};
		77418F46922677BB04ED38DD /* Debug */ = {
			isa = XCBuildConfiguration;
			buildSettings = {
				APPLICATION_EXTENSION_API_ONLY = NO;
				"ARCHS[sdk=macosx*]" = arm64;
				COPY_PHASE_STRIP = NO;
				DEVELOPMENT_TEAM = Y53675G8V9;
				ENABLE_BITCODE = NO;
				GCC_OPTIMIZATION_LEVEL = 0;
				HEADER_SEARCH_PATHS = (
					.,
					/opt/homebrew/lib/QtWidgets.framework/Headers,
					/opt/homebrew/lib/QtGui.framework/Headers,
					/opt/homebrew/lib/QtNetwork.framework/Headers,
					/opt/homebrew/lib/QtCore.framework/Headers,
					/Users/jonathan/OriginSimulator/healpixmirror/src/cxx/cxxsupport,
					/Users/jonathan/OriginSimulator/healpixmirror/src/cxx/Healpix_cxx,
					.,
					/Applications/Xcode.app/Contents/Developer/Platforms/MacOSX.platform/Developer/SDKs/MacOSX15.5.sdk/System/Library/Frameworks/OpenGL.framework/Headers,
					/Applications/Xcode.app/Contents/Developer/Platforms/MacOSX.platform/Developer/SDKs/MacOSX15.5.sdk/System/Library/Frameworks/AGL.framework/Headers,
					/Applications/Xcode.app/Contents/Developer/Platforms/MacOSX.platform/Developer/SDKs/MacOSX15.5.sdk/System/Library/Frameworks/OpenGL.framework/Headers,
					/Applications/Xcode.app/Contents/Developer/Platforms/MacOSX.platform/Developer/SDKs/MacOSX15.5.sdk/System/Library/Frameworks/AGL.framework/Headers,
					"/opt/homebrew/Cellar/qt/6.9.0/share/qt/mkspecs/macx-clang",
				);
				MACOSX_DEPLOYMENT_TARGET = 15.0;
				ONLY_ACTIVE_ARCH = YES;
				PRODUCT_BUNDLE_IDENTIFIER = "uk.kimmitt.${PRODUCT_NAME:rfc1034identifier}";
				PRODUCT_NAME = OriginSimulator;
				QMAKE_FULL_VERSION = 1.0.0;
				QMAKE_PKGINFO_TYPEINFO = "????";
				QMAKE_SHORT_VERSION = 1.0;
				QT_LIBRARY_SUFFIX = "";
				SDKROOT = macosx;
			};
			name = Debug;
		};
/* End XCBuildConfiguration section */

/* Begin XCConfigurationList section */
		6CC3B5D2136C7CD6A5CF5A59 /* Build configuration list for PBXNativeTarget "OriginSimulator" */ = {
			isa = XCConfigurationList;
			buildConfigurations = (
				77418F46922677BB04ED38DD /* Debug */,
				6666AA5E688052234F6758D8 /* Release */,
			);
			defaultConfigurationIsVisible = 0;
			defaultConfigurationName = Release;
		};
		DAC4C1AA5EDEA1C85E9CA5E6 /* Build configuration list for PBXProject "CelestronOriginSimulator" */ = {
			isa = XCConfigurationList;
			buildConfigurations = (
				3AA6C32AC930069E80220CF1 /* Debug */,
				339EE1B2CC4FC24589A0EA95 /* Release */,
			);
			defaultConfigurationIsVisible = 0;
			defaultConfigurationName = Release;
		};
/* End XCConfigurationList section */
	};
	rootObject = 6DB9C3763D02B1415CD9D565 /* Project object */;
}
